Microsoft Visual Studio Solution File, Format Version 12.00
# Visual Studio Version 17
VisualStudioVersion = 17.5.2.0
MinimumVisualStudioVersion = 10.0.40219.1
Project("{FAE04EC0-301F-11D3-BF4B-00C04F79EFBC}") = "Linktree", "Linktree.csproj", "{FB6AB703-0647-49D0-1541-98553CBB2C69}"
EndProject
Global
	GlobalSection(SolutionConfigurationPlatforms) = preSolution
		Debug|Any CPU = Debug|Any CPU
		Release|Any CPU = Release|Any CPU
	EndGlobalSection
	GlobalSection(ProjectConfigurationPlatforms) = postSolution
		{FB6AB703-0647-49D0-1541-98553CBB2C69}.Debug|Any CPU.ActiveCfg = Debug|Any CPU
		{FB6AB703-0647-49D0-1541-98553CBB2C69}.Debug|Any CPU.Build.0 = Debug|Any CPU
		{FB6AB703-0647-49D0-1541-98553CBB2C69}.Release|Any CPU.ActiveCfg = Release|Any CPU
		{FB6AB703-0647-49D0-1541-98553CBB2C69}.Release|Any CPU.Build.0 = Release|Any CPU
	EndGlobalSection
	GlobalSection(SolutionProperties) = preSolution
		HideSolutionNode = FALSE
	EndGlobalSection
	GlobalSection(ExtensibilityGlobals) = postSolution
		SolutionGuid = {2052681E-8299-452B-9911-49C90F79D471}
	EndGlobalSection
EndGlobal
